
Microsoft Visual Studio Solution File, Format Version 12.00
# Visual Studio 15
VisualStudioVersion = 15.0.27703.2000
MinimumVisualStudioVersion = 10.0.40219.1
Project("{8BC9CEB8-8B4A-11D0-8D11-00A0C91BC942}") = "PhoenixLibrary", "PhoenixLibrary\PhoenixLibrary.vcxproj", "{148C77B0-5C3A-4F4C-87CC-46E6A06C0976}"
EndProject
Project("{8BC9CEB8-8B4A-11D0-8D11-00A0C91BC942}") = "PhoenixServer", "PhoenixServer\PhoenixServer.vcxproj", "{D96A2DE5-FF6F-4F96-A114-FC6572CF2751}"
EndProject
Project("{8BC9CEB8-8B4A-11D0-8D11-00A0C91BC942}") = "PhoenixGateway", "PhoenixGateway\PhoenixGateway.vcxproj", "{51AE7049-E8BB-4DAD-AA8C-F1EC61797EDB}"
EndProject
Project("{8BC9CEB8-8B4A-11D0-8D11-00A0C91BC942}") = "PhoenixClient", "PhoenixClient\PhoenixClient.vcxproj", "{87EAC784-5C11-4757-8F25-6C8CB7B882BE}"
EndProject
Project("{8BC9CEB8-8B4A-11D0-8D11-00A0C91BC942}") = "PhoenixServerGui", "PhoenixServerGui\PhoenixServerGui.vcxproj", "{CAFA7471-C2E1-475B-A444-85F0A66190E2}"
EndProject
Global
	GlobalSection(SolutionConfigurationPlatforms) = preSolution
		Debug|x64 = Debug|x64
		Debug|x86 = Debug|x86
		Release|x64 = Release|x64
		Release|x86 = Release|x86
	EndGlobalSection
	GlobalSection(ProjectConfigurationPlatforms) = postSolution
		{148C77B0-5C3A-4F4C-87CC-46E6A06C0976}.Debug|x64.ActiveCfg = Debug|x64
		{148C77B0-5C3A-4F4C-87CC-46E6A06C0976}.Debug|x64.Build.0 = Debug|x64
		{148C77B0-5C3A-4F4C-87CC-46E6A06C0976}.Debug|x86.ActiveCfg = Debug|Win32
		{148C77B0-5C3A-4F4C-87CC-46E6A06C0976}.Debug|x86.Build.0 = Debug|Win32
		{148C77B0-5C3A-4F4C-87CC-46E6A06C0976}.Release|x64.ActiveCfg = Release|x64
		{148C77B0-5C3A-4F4C-87CC-46E6A06C0976}.Release|x64.Build.0 = Release|x64
		{148C77B0-5C3A-4F4C-87CC-46E6A06C0976}.Release|x86.ActiveCfg = Release|Win32
		{148C77B0-5C3A-4F4C-87CC-46E6A06C0976}.Release|x86.Build.0 = Release|Win32
		{D96A2DE5-FF6F-4F96-A114-FC6572CF2751}.Debug|x64.ActiveCfg = Debug|x64
		{D96A2DE5-FF6F-4F96-A114-FC6572CF2751}.Debug|x64.Build.0 = Debug|x64
		{D96A2DE5-FF6F-4F96-A114-FC6572CF2751}.Debug|x86.ActiveCfg = Debug|Win32
		{D96A2DE5-FF6F-4F96-A114-FC6572CF2751}.Debug|x86.Build.0 = Debug|Win32
		{D96A2DE5-FF6F-4F96-A114-FC6572CF2751}.Release|x64.ActiveCfg = Release|x64
		{D96A2DE5-FF6F-4F96-A114-FC6572CF2751}.Release|x64.Build.0 = Release|x64
		{D96A2DE5-FF6F-4F96-A114-FC6572CF2751}.Release|x86.ActiveCfg = Release|Win32
		{D96A2DE5-FF6F-4F96-A114-FC6572CF2751}.Release|x86.Build.0 = Release|Win32
		{51AE7049-E8BB-4DAD-AA8C-F1EC61797EDB}.Debug|x64.ActiveCfg = Debug|x64
		{51AE7049-E8BB-4DAD-AA8C-F1EC61797EDB}.Debug|x64.Build.0 = Debug|x64
		{51AE7049-E8BB-4DAD-AA8C-F1EC61797EDB}.Debug|x86.ActiveCfg = Debug|Win32
		{51AE7049-E8BB-4DAD-AA8C-F1EC61797EDB}.Debug|x86.Build.0 = Debug|Win32
		{51AE7049-E8BB-4DAD-AA8C-F1EC61797EDB}.Release|x64.ActiveCfg = Release|x64
		{51AE7049-E8BB-4DAD-AA8C-F1EC61797EDB}.Release|x64.Build.0 = Release|x64
		{51AE7049-E8BB-4DAD-AA8C-F1EC61797EDB}.Release|x86.ActiveCfg = Release|Win32
		{51AE7049-E8BB-4DAD-AA8C-F1EC61797EDB}.Release|x86.Build.0 = Release|Win32
		{87EAC784-5C11-4757-8F25-6C8CB7B882BE}.Debug|x64.ActiveCfg = Debug|x64
		{87EAC784-5C11-4757-8F25-6C8CB7B882BE}.Debug|x64.Build.0 = Debug|x64
		{87EAC784-5C11-4757-8F25-6C8CB7B882BE}.Debug|x86.ActiveCfg = Debug|Win32
		{87EAC784-5C11-4757-8F25-6C8CB7B882BE}.Debug|x86.Build.0 = Debug|Win32
		{87EAC784-5C11-4757-8F25-6C8CB7B882BE}.Release|x64.ActiveCfg = Release|x64
		{87EAC784-5C11-4757-8F25-6C8CB7B882BE}.Release|x64.Build.0 = Release|x64
		{87EAC784-5C11-4757-8F25-6C8CB7B882BE}.Release|x86.ActiveCfg = Release|Win32
		{87EAC784-5C11-4757-8F25-6C8CB7B882BE}.Release|x86.Build.0 = Release|Win32
		{CAFA7471-C2E1-475B-A444-85F0A66190E2}.Debug|x64.ActiveCfg = Debug|x64
		{CAFA7471-C2E1-475B-A444-85F0A66190E2}.Debug|x64.Build.0 = Debug|x64
		{CAFA7471-C2E1-475B-A444-85F0A66190E2}.Debug|x86.ActiveCfg = Debug|Win32
		{CAFA7471-C2E1-475B-A444-85F0A66190E2}.Debug|x86.Build.0 = Debug|Win32
		{CAFA7471-C2E1-475B-A444-85F0A66190E2}.Release|x64.ActiveCfg = Release|x64
		{CAFA7471-C2E1-475B-A444-85F0A66190E2}.Release|x64.Build.0 = Release|x64
		{CAFA7471-C2E1-475B-A444-85F0A66190E2}.Release|x86.ActiveCfg = Release|Win32
		{CAFA7471-C2E1-475B-A444-85F0A66190E2}.Release|x86.Build.0 = Release|Win32
	EndGlobalSection
	GlobalSection(SolutionProperties) = preSolution
		HideSolutionNode = FALSE
	EndGlobalSection
	GlobalSection(ExtensibilityGlobals) = postSolution
		SolutionGuid = {FFE6CDB2-D03A-4E0B-93EE-8E41375D0EFB}
	EndGlobalSection
EndGlobal
